ariga.io/atlas v0.9.2-0.20230315031717-981201443636 h1:HnZHv0Or171FjbQVpBDnBMjG50ZGtwOl0baw47VgGbg=
ariga.io/atlas v0.9.2-0.20230315031717-981201443636/go.mod h1:+TR129FJZ5Lvzms6dvCeGWh1yR6hMvmXBhug4hrNIGk=
ariga.io/atlas/cmd/atlas v0.10.0 h1:Mb3KDL22wM8GSMNgElC8HoG0YWqNSI1dmmexQUY4blE=
ariga.io/atlas/cmd/atlas v0.10.0/go.mod h1:PvFFDpT/piy2TsVdt0QJZPDuqtlQQJi6PrL+oJko7Rw=
cloud.google.com/go v0.105.0 h1:DNtEKRBAAzeS4KyIory52wWHuClNaXJ5x1F7xa4q+5Y=
cloud.google.com/go/compute v1.15.1 h1:7UGq3QknM33pw5xATlpzeoomNxsacIVvTqTTvbfajmE=
cloud.google.com/go/compute/metadata v0.2.3 h1:mg4jlk7mCAj6xXp9UJ4fjI9VUI5rubuGBW5aJ7UnBMY=
cloud.google.com/go/iam v0.8.0 h1:E2osAkZzxI/+8pZcxVLcDtAQx/u+hZXVryUaYQ5O0Kk=
cloud.google.com/go/secretmanager v1.9.0 h1:xE6uXljAC1kCR8iadt9+/blg1fvSbmenlsDN4fT9gqw=
entgo.io/ent v0.11.10 h1:iqn32ybY5HRW3xSAyMNdNKpZhKgMf1Zunsej9yPKUI8=
entgo.io/ent v0.11.10/go.mod h1:mzTZ0trE+jCQw/fnzijbm5Mck/l8Gbg7gC/+L1COyzM=
github.com/DATA-DOG/go-sqlmock v1.5.0 h1:Shsta01QNfFxHCfpW6YH2STWB0MudeXXEWMr20OEh60=
github.com/agext/levenshtein v1.2.1 h1:QmvMAjj2aEICytGiWzmxoE0x2KZvE0fvmqMOfy2tjT8=
github.com/agext/levenshtein v1.2.1/go.mod h1:JEDfjyjHDjOF/1e4FlBE/PkbqA9OfWu2ki2W0IB5558=
github.com/antlr/antlr4/runtime/Go/antlr v0.0.0-20220816024939-bc8df83d7b9d h1:0xIrH2lJbraclvJT3pvTf3u2oCAL60cAqiv4qRpz4EI=
github.com/apparentlymart/go-textseg/v13 v13.0.0 h1:Y+KvPE1NYz0xl601PVImeQfFyEy6iT90AvPUL1NNfNw=
github.com/apparentlymart/go-textseg/v13 v13.0.0/go.mod h1:ZK2fH7c4NqDTLtiYLvIkEghdlcqw7yxLeM89kiTRPUo=
github.com/auxten/postgresql-parser v1.0.1 h1:x+qiEHAe2cH55Kly64dWh4tGvUKEQwMmJgma7a1kbj4=
github.com/aws/aws-sdk-go v1.44.68 h1:7zNr5+HLG0TMq+ZcZ8KhT4eT2KyL7v+u7/jANKEIinM=
github.com/aws/aws-sdk-go-v2 v1.16.8 h1:gOe9UPR98XSf7oEJCcojYg+N2/jCRm4DdeIsP85pIyQ=
github.com/aws/aws-sdk-go-v2/config v1.15.15 h1:yBV+J7Au5KZwOIrIYhYkTGJbifZPCkAnCFSvGsF3ui8=
github.com/aws/aws-sdk-go-v2/credentials v1.12.10 h1:7gGcMQePejwiKoDWjB9cWnpfVdnz/e5JwJFuT6OrroI=
github.com/aws/aws-sdk-go-v2/feature/ec2/imds v1.12.9 h1:hz8tc+OW17YqxyFFPSkvfSikbqWcyyHRyPVSTzC0+aI=
github.com/aws/aws-sdk-go-v2/internal/configsources v1.1.15 h1:bx5F2mr6H6FC7zNIQoDoUr8wEKnvmwRncujT3FYRtic=
github.com/aws/aws-sdk-go-v2/internal/endpoints/v2 v2.4.9 h1:5sbyznZC2TeFpa4fvtpvpcGbzeXEEs1l1Jo51ynUNsQ=
github.com/aws/aws-sdk-go-v2/internal/ini v1.3.16 h1:f0ySVcmQhwmzn7zQozd8wBM3yuGBfzdpsOaKQ0/Epzw=
github.com/aws/aws-sdk-go-v2/service/internal/presigned-url v1.9.9 h1:sHfDuhbOuuWSIAEDd3pma6p0JgUcR2iePxtCE8gfCxQ=
github.com/aws/aws-sdk-go-v2/service/secretsmanager v1.15.14 h1:dvvIB9OYsOH10RUNAY7yiCq5fQwGebXx1auBOkBTUlg=
github.com/aws/aws-sdk-go-v2/service/sso v1.11.13 h1:DQpf+al+aWozOEmVEdml67qkVZ6vdtGUi71BZZWw40k=
github.com/aws/aws-sdk-go-v2/service/sts v1.16.10 h1:7tquJrhjYz2EsCBvA9VTl+sBAAh1bv7h/sGASdZOGGo=
github.com/aws/smithy-go v1.12.0 h1:gXpeZel/jPoWQ7OEmLIgCUnhkFftqNfwWUwAHSlp1v0=
github.com/benbjohnson/clock v1.1.0 h1:Q92kusRqC1XV2MjkWETPvjJVqKetz1OzxZB7mHJLju8=
github.com/caarlos0/env/v7 v7.1.0 h1:9lzTF5amyQeWHZzuZeKlCb5FWSUxpG1js43mhbY8ozg=
github.com/caarlos0/env/v7 v7.1.0/go.mod h1:LPPWniDUq4JaO6Q41vtlyikhMknqymCLBw0eX4dcH1E=
github.com/certifi/gocertifi v0.0.0-20200922220541-2c3bb06c6054 h1:uH66TXeswKn5PW5zdZ39xEwfS9an067BirqA+P4QaLI=
github.com/chzyer/readline v1.5.1 h1:upd/6fQk4src78LMRzh5vItIt361/o4uq553V8B5sGI=
github.com/cockroachdb/apd v1.1.1-0.20181017181144-bced77f817b4 h1:XWEdfNxDkZI3DXXlpo0hZJ1xdaH/f3CKuZpk93pS/Y0=
github.com/cockroachdb/errors v1.8.2 h1:rnnWK9Nn5kEMOGz9531HuDx/FOleL4NVH20VsDexVC8=
github.com/cockroachdb/logtags v0.0.0-20190617123548-eb05cc24525f h1:o/kfcElHqOiXqcou5a3rIlMc7oJbMQkeLk0VQJ7zgqY=
github.com/cockroachdb/redact v1.0.8 h1:8QG/764wK+vmEYoOlfobpe12EQcS81ukx/a4hdVMxNw=
github.com/cockroachdb/sentry-go v0.6.1-cockroachdb.2 h1:IKgmqgMQlVJIZj19CdocBeSfSaiCbEBZGKODaixqtHM=
github.com/cznic/mathutil v0.0.0-20181122101859-297441e03548 h1:iwZdTE0PVqJCos1vaoKsclOGD3ADKpshg3SRtYBbwso=
github.com/davecgh/go-spew v1.1.0/go.mod h1:J7Y8YcW2NihsgmVo/mv3lAwl/skON4iLHjSsI+c5H38=
github.com/davecgh/go-spew v1.1.1 h1:vj9j/u1bqnvCEfJOwUhtlOARqs3+rkHYY13jYWTU97c=
github.com/davecgh/go-spew v1.1.1/go.mod h1:J7Y8YcW2NihsgmVo/mv3lAwl/skON4iLHjSsI+c5H38=
github.com/dustin/go-humanize v1.0.0 h1:VSnTsYCnlFHaM2/igO1h6X3HA71jcobQuxemgkq4zYo=
github.com/fatih/color v1.13.0 h1:8LOYc1KYPPmyKMuN8QV2DNRWNbLo6LZ0iLs8+mlH53w=
github.com/fsnotify/fsnotify v1.5.4 h1:jRbGcIw6P2Meqdwuo0H1p6JVLbL5DHKAKlYndzMwVZI=
github.com/getsentry/raven-go v0.2.0 h1:no+xWJRb5ZI7eE8TWgIq1jLulQiIoLG0IfYxv5JYMGs=
github.com/go-openapi/inflect v0.19.0 h1:9jCH9scKIbHeV9m12SmPilScz6krDxKRasNNSNPXu/4=
github.com/go-openapi/inflect v0.19.0/go.mod h1:lHpZVlpIQqLyKwJ4N+YSc9hchQy/i12fJykb83CRBH4=
github.com/go-sql-driver/mysql v1.7.0 h1:ueSltNNllEqE3qcWBTD0iQd3IpL/6U+mJxLkazJ7YPc=
github.com/go-test/deep v1.0.3 h1:ZrJSEWsXzPOxaZnFteGEfooLba+ju3FYIbOrS+rQd68=
github.com/gogo/protobuf v1.3.2 h1:Ov1cvc58UF3b5XjBnZv7+opcTcQFZebYjWzi34vdm4Q=
github.com/golang/groupcache v0.0.0-20210331224755-41bb18bfe9da h1:oI5xCqsCo564l8iNU+DwB5epxmsaqB+rhGL0m5jtYqE=
github.com/golang/protobuf v1.3.1/go.mod h1:6lQm79b+lXiMfvg/cZm0SGofjICqVBUtrP5yJMmIC1U=
github.com/golang/protobuf v1.3.4/go.mod h1:vzj43D7+SQXF/4pzW/hwtAqwc6iTitCiVSaWz5lYuqw=
github.com/golang/protobuf v1.5.0/go.mod h1:FsONVRAS9T7sI+LIUmWTfcYkHO4aIWwzhcaSAoJOfIk=
github.com/golang/protobuf v1.5.2 h1:ROPKBNFfQgOUMifHyP+KYbvpjbdoFNs+aK7DXlji0Tw=
github.com/golang/protobuf v1.5.2/go.mod h1:XVQd3VNwM+JqD3oG2Ue2ip4fOMUkwXdXDdiuN0vRsmY=
github.com/google/go-cmp v0.3.1/go.mod h1:8QqcDgzrUqlUb/G2PQTWiueGozuR1884gddMywk6iLU=
github.com/google/go-cmp v0.5.5/go.mod h1:v8dTdLbMG2kIc/vJvl+f65V22dbkXbowE6jgT/gNBxE=
github.com/google/go-cmp v0.5.9 h1:O2Tfq5qg4qc4AmwVlvv0oLiVAGB7enBSJ2x2DqQFi38=
github.com/google/go-cmp v0.5.9/go.mod h1:17dUlkBOakJ0+DkrSSNjCkIjxS6bF9zb3elmeNGIjoY=
github.com/google/uuid v1.3.0 h1:t6JiXgmwXMjEs8VusXIJk2BXHsn+wx8BZdTaoZ5fu7I=
github.com/google/uuid v1.3.0/go.mod h1:TIyPZe4MgqvfeYDBFedMoGGpEw/LqOeaOT+nhxU+yHo=
github.com/google/wire v0.5.0 h1:I7ELFeVBr3yfPIcc8+MWvrjk+3VjbcSzoXm3JVa+jD8=
github.com/googleapis/enterprise-certificate-proxy v0.1.0 h1:zO8WHNx/MYiAKJ3d5spxZXZE6KHmIQGQcAzwUzV7qQw=
github.com/googleapis/gax-go/v2 v2.4.0 h1:dS9eYAjhrE2RjmzYw2XAPvcXfmcQLtFEQWn0CR82awk=
github.com/grpc-ecosystem/grpc-gateway v1.16.0 h1:gmcG1KaJ57LophUzW0Hy8NmPhnMZb4M0+kPpLofRdBo=
github.com/hashicorp/hcl/v2 v2.13.0 h1:0Apadu1w6M11dyGFxWnmhhcMjkbAiKCv7G1r/2QgCNc=
github.com/hashicorp/hcl/v2 v2.13.0/go.mod h1:e4z5nxYlWNPdDSNYX+ph14EvWYMFm3eP0zIUqPc2jr0=
github.com/jackc/pgpassfile v1.0.0 h1:/6Hmqy13Ss2zCq62VdNG8tM1wchn8zjSGOBJ6icpsIM=
github.com/jackc/pgpassfile v1.0.0/go.mod h1:CEx0iS5ambNFdcRtxPj5JhEz+xB6uRky5eyVu/W2HEg=
github.com/jackc/pgservicefile v0.0.0-20221227161230-091c0ba34f0a h1:bbPeKD0xmW/Y25WS6cokEszi5g+S0QxI/d45PkRi7Nk=
github.com/jackc/pgservicefile v0.0.0-20221227161230-091c0ba34f0a/go.mod h1:5TJZWKEWniPve33vlWYSoGYefn3gLQRzjfDlhSJ9ZKM=
github.com/jackc/pgx/v5 v5.3.1 h1:Fcr8QJ1ZeLi5zsPZqQeUZhNhxfkkKBOgJuYkJHoBOtU=
github.com/jackc/pgx/v5 v5.3.1/go.mod h1:t3JDKnCBlYIc0ewLF0Q7B8MXmoIaBOZj/ic7iHozM/8=
github.com/jmespath/go-jmespath v0.4.0 h1:BEgLn5cpjn8UN1mAw4NjwDrS35OdebyEtFe+9YPoQUg=
github.com/kr/pretty v0.1.0/go.mod h1:dAy3ld7l9f0ibDNOQOHHMYYIIbhfbHSm3C4ZsoJORNo=
github.com/kr/pretty v0.3.0 h1:WgNl7dwNpEZ6jJ9k1snq4pZsg7DOEN8hP9Xw0Tsjwk0=
github.com/kr/pty v1.1.1/go.mod h1:pFQYn66WHrOpPYNljwOMqo10TkYh1fy3cYio2l3bCsQ=
github.com/kr/text v0.1.0/go.mod h1:4Jbv+DJW3UT/LiOwJeYQe1efqtUx/iVham/4vfdArNI=
github.com/kr/text v0.2.0 h1:5Nx0Ya0ZqY2ygV366QzturHI13Jq95ApcVaJBhpS+AY=
github.com/kylelemons/godebug v0.0.0-20170820004349-d65d576e9348 h1:MtvEpTB6LX3vkb4ax0b5D2DHbNAUsen0Gx5wZoq3lV4=
github.com/lib/pq v1.10.7 h1:p7ZhMD+KsSRozJr34udlUrhboJwWAgCg34+/ZZNvZZw=
github.com/manifoldco/promptui v0.9.0 h1:3V4HzJk1TtXW1MTZMP7mdlwbBpIinw3HztaIlYthEiA=
github.com/mattn/go-colorable v0.1.12 h1:jF+Du6AlPIjs2BiUiQlKOX0rt3SujHxPnksPKZbaA40=
github.com/mattn/go-isatty v0.0.14 h1:yVuAays6BHfxijgZPzw+3Zlu5yQgKGP2/hcQbHb7S9Y=
github.com/mattn/go-runewidth v0.0.9 h1:Lm995f3rfxdpd6TSmuVCHVb/QhupuXlYr8sCI/QdE+0=
github.com/mattn/go-sqlite3 v1.14.16 h1:yOQRA0RpS5PFz/oikGwBEqvAWhWg5ufRz4ETLjwpU1Y=
github.com/mitchellh/go-homedir v1.1.0 h1:lukF9ziXFxDFPkA1vsr5zpc1XuPDn/wFntq5mG+4E0Y=
github.com/mitchellh/go-wordwrap v1.0.0 h1:6GlHJ/LTGMrIJbwgdqdl2eEH8o+Exx/0m8ir9Gns0u4=
github.com/mitchellh/go-wordwrap v1.0.0/go.mod h1:ZXFpozHsX6DPmq2I0TCekCxypsnAUbP2oI0UX1GXzOo=
github.com/olekukonko/tablewriter v0.0.5 h1:P2Ga83D34wi1o9J6Wh1mRuqd4mF/x/lgBS7N7AbDhec=
github.com/pingcap/errors v0.11.5-0.20210425183316-da1aaba5fb63 h1:+FZIDR/D97YOPik4N4lPDaUcLDF/EQPogxtlHB2ZZRM=
github.com/pingcap/log v0.0.0-20210625125904-98ed8e2eb1c7 h1:k2BbABz9+TNpYRwsCCFS8pEEnFVOdbgEjL/kTlLuzZQ=
github.com/pingcap/tidb/parser v0.0.0-20220817134052-9709249e523a h1:KhEhzJLyVSFT13yk/M2BQ7eE6Ofs7jBnALjc0ICZbsQ=
github.com/pkg/errors v0.9.1 h1:FEBLx1zS214owpjy7qsBeixbURkuhQAwrK5UwLGTwt4=
github.com/pkg/errors v0.9.1/go.mod h1:bwawxfHBFNV+L2hUp1rHADufV3IMtnDRdf1r5NINEl0=
github.com/pmezard/go-difflib v1.0.0 h1:4DBwDE0NGyQoBHbLQYPwSUPoCMWR5BEzIk/f1lZbAQM=
github.com/pmezard/go-difflib v1.0.0/go.mod h1:iKH77koFhYxTK1pcRnkKkqfTogsbg7gZNVY4sRDYZ/4=
github.com/remyoudompheng/bigfft v0.0.0-20200410134404-eec4a21b6bb0 h1:OdAsTTz6OkFY5QxjkYwrChwuRruF69c169dPK26NUlk=
github.com/rogpeppe/go-internal v1.9.0 h1:73kH8U+JUqXU8lRuOHeVHaa/SZPifC7BkcraZVejAe8=
github.com/rogpeppe/go-internal v1.9.0/go.mod h1:WtVeX8xhTBvf0smdhujwtBcq4Qrzq/fJaraNFVN+nFs=
github.com/sergi/go-diff v1.0.0 h1:Kpca3qRNrduNnOQeazBd0ysaKrUJiIuISHxogkT9RPQ=
github.com/sirupsen/logrus v1.8.1 h1:dJKuHgqk1NNQlqoA6BTlM1Wf9DOH3NBjQyu0h9+AZZE=
github.com/spf13/cobra v1.6.1 h1:o94oiPyS4KD1mPy2fmcYYHHfCxLqYjJOhGsCHFZtEzA=
github.com/spf13/pflag v1.0.5 h1:iy+VFUOCP1a+8yFto/drg2CJ5u0yRoB7fZw3DKv/JXA=
github.com/stretchr/objx v0.1.0/go.mod h1:HFkY916IF+rwdDfMAkV7OtwuqBVzrE8GR6GFx+wExME=
github.com/stretchr/testify v1.3.0/go.mod h1:M5WIy9Dh21IEIfnGCwXGc5bZfKNJtfHm1UVUgZn+9EI=
github.com/stretchr/testify v1.7.0/go.mod h1:6Fq8oRcR53rry900zMqJjRRixrwX3KX962/h/Wwjteg=
github.com/stretchr/testify v1.8.2 h1:+h33VjcLVPDHtOdpUCuF+7gSuG3yGIftsP1YvFihtJ8=
github.com/vektah/gqlparser/v2 v2.5.1 h1:ZGu+bquAY23jsxDRcYpWjttRZrUz07LbiY77gUOHcr4=
github.com/vmihailenco/msgpack/v4 v4.3.12/go.mod h1:gborTTJjAo/GWTqqRjrLCn9pgNN+NXzzngzBKDPIqw4=
github.com/vmihailenco/tagparser v0.1.1/go.mod h1:OeAg3pn3UbLjkWt+rN9oFYB6u/cQgqMEUPoW2WPyhdI=
github.com/zclconf/go-cty v1.8.0 h1:s4AvqaeQzJIu3ndv4gVIhplVD0krU+bgrcLSVUnaWuA=
github.com/zclconf/go-cty v1.8.0/go.mod h1:vVKLxnk3puL4qRAv72AO+W99LUD4da90g3uUAzyuvAk=
go.opencensus.io v0.24.0 h1:y73uSU6J157QMP2kn2r30vwW1A2W2WFwSCGnAVxeaD0=
go.uber.org/atomic v1.10.0 h1:9qC72Qh0+3MqyJbAn8YU5xVq1frD8bn3JtD2oXtafVQ=
go.uber.org/atomic v1.10.0/go.mod h1:LUxbIzbOniOlMKjJjyPfpl4v+PKK2cNJn91OQbhoJI0=
go.uber.org/goleak v1.1.11 h1:wy28qYRKZgnJTxGxvye5/wgWr1EKjmUDGYox5mGlRlI=
go.uber.org/multierr v1.10.0 h1:S0h4aNzvfcFsC3dRF1jLoaov7oRaKqRGC/pUEJ2yvPQ=
go.uber.org/multierr v1.10.0/go.mod h1:20+QtiLqy0Nd6FdQB9TLXag12DsQkrbs3htMFfDN80Y=
go.uber.org/zap v1.24.0 h1:FiJd5l1UOLj0wCgbSE0rwwXHzEdAZS6hiiSnxJN/D60=
go.uber.org/zap v1.24.0/go.mod h1:2kMP+WWQ8aoFoedH3T2sq6iJ2yDWpHbP0f6MQbS9Gkg=
gocloud.dev v0.27.0 h1:j0WTUsnKTxCsWO7y8T+YCiBZUmLl9w/WIowqAY3yo0g=
golang.org/x/crypto v0.0.0-20190308221718-c2843e01d9a2/go.mod h1:djNgcEr1/C05ACkg1iLfiJU5Ep61QUkGW8qpdssI0+w=
golang.org/x/crypto v0.6.0 h1:qfktjS5LUO+fFKeJXZ+ikTRijMmljikvG68fpMMruSc=
golang.org/x/crypto v0.6.0/go.mod h1:OFC/31mSvZgRz0V1QTNCzfAI1aIRzbiufJtkMIlEp58=
golang.org/x/exp v0.0.0-20220428152302-39d4317da171 h1:TfdoLivD44QwvssI9Sv1xwa5DcL5XQr4au4sZ2F2NV4=
golang.org/x/mod v0.8.0 h1:LUYupSeNrTNCGzR/hVBk2NHZO4hXcVaW1k4Qx7rjPx8=
golang.org/x/mod v0.8.0/go.mod h1:iBbtSCu2XBx23ZKBPSOrRkjjQPZFPuis4dIYUhu/chs=
golang.org/x/net v0.0.0-20190603091049-60506f45cf65/go.mod h1:HSz+uSET+XFnRR8LxR5pz3Of3rY3CfYBVs4xY44aLks=
golang.org/x/net v0.0.0-20200301022130-244492dfa37a/go.mod h1:z5CRVTTTmAJ677TzLLGU+0bjPO0LkuOLi4/5GtJWs/s=
golang.org/x/net v0.8.0 h1:Zrh2ngAOFYneWTAIAPethzeaQLuHwhuBkuV6ZiRnUaQ=
golang.org/x/net v0.8.0/go.mod h1:QVkue5JL9kW//ek3r6jTKnTFis1tRmNAW2P1shuFdJc=
golang.org/x/oauth2 v0.4.0 h1:NF0gk8LVPg1Ml7SSbGyySuoxdsXitj7TvgvuRxIMc/M=
golang.org/x/sync v0.1.0 h1:wsuoTGHzEhffawBOhz5CYhcrV4IdKZbEyZjBMuTp12o=
golang.org/x/sys v0.0.0-20190215142949-d0b11bdaac8a/go.mod h1:STP8DvDyc/dI5b8T5hshtkjS+E42TnysNCUPdjciGhY=
golang.org/x/sys v0.6.0 h1:MVltZSvRTcU2ljQOhs94SXPftV6DCNnZViHeQps87pQ=
golang.org/x/sys v0.6.0/go.mod h1:oPkhp1MJrh7nUepCBck5+mAzfO9JrbApNNgaTdGDITg=
golang.org/x/text v0.3.0/go.mod h1:NqM8EUOU14njkJ3fqMW+pc6Ldnwhi/IjpwHt7yyuwOQ=
golang.org/x/text v0.3.2/go.mod h1:bEr9sfX3Q8Zfm5fL9x+3itogRgK3+ptLWKqgva+5dAk=
golang.org/x/text v0.3.5/go.mod h1:5Zoc/QRtKVWzQhOtBMvqHzDpF6irO9z98xDceosuGiQ=
golang.org/x/text v0.8.0 h1:57P1ETyNKtuIjB4SRd15iJxuhj8Gc416Y78H3qgMh68=
golang.org/x/text v0.8.0/go.mod h1:e1OnstbJyHTd6l/uOt8jFFHp6TRDWZR/bV3emEE/zU8=
golang.org/x/tools v0.0.0-20180917221912-90fa682c2a6e/go.mod h1:n7NCudcB/nEzxVGmLbDWY5pfWTLqBcC2KZ6jyYvM4mQ=
golang.org/x/tools v0.6.1-0.20230222164832-25d2519c8696 h1:8985/C5IvACpd9DDXckSnjSBLKDgbxXiyODgi94zOPM=
golang.org/x/xerrors v0.0.0-20191204190536-9bdfabe68543/go.mod h1:I/5z698sn9Ka8TeJc9MKroUUfqBBauWjQqLJ2OPfmY0=
golang.org/x/xerrors v0.0.0-20220609144429-65e65417b02f h1:uF6paiQQebLeSXkrTqHqz0MXhXXS1KgF41eUdBNvxK0=
google.golang.org/api v0.91.0 h1:731+JzuwaJoZXRQGmPoBiV+SrsAfUaIkdMCWTcQNPyA=
google.golang.org/appengine v1.6.5/go.mod h1:8WjMMxjGQR8xUklV/ARdw2HLXBOI7O7uCIDZVag1xfc=
google.golang.org/genproto v0.0.0-20230110181048-76db0878b65f h1:BWUVssLB0HVOSY78gIdvk1dTVYtT1y8SBWtPYuTJ/6w=
google.golang.org/genproto v0.0.0-20230110181048-76db0878b65f/go.mod h1:RGgjbofJ8xD9Sq1VVhDM1Vok1vRONV+rg+CjzG4SZKM=
google.golang.org/grpc v1.54.0 h1:EhTqbhiYeixwWQtAEZAxmV9MGqcjEU2mFx52xCzNyag=
google.golang.org/grpc v1.54.0/go.mod h1:PUSEXI6iWghWaB6lXM4knEgpJNu2qUcKfDtNci3EC2g=
google.golang.org/protobuf v1.26.0-rc.1/go.mod h1:jlhhOSvTdKEhbULTjvd4ARK9grFBp09yW+WbY/TyQbw=
google.golang.org/protobuf v1.26.0/go.mod h1:9q0QmTI4eRPtz6boOQmLYwt+qCgq0jsYwAQnmE0givc=
google.golang.org/protobuf v1.30.0 h1:kPPoIgf3TsEvrm0PFe15JQ+570QVxYzEvvHqChK+cng=
google.golang.org/protobuf v1.30.0/go.mod h1:HV8QOd/L58Z+nl8r43ehVNZIU/HEI6OcFqwMG9pJV4I=
gopkg.in/check.v1 v0.0.0-20161208181325-20d25e280405/go.mod h1:Co6ibVJAznAaIkqp8huTwlJQCZ016jof/cbN4VW5Yz0=
gopkg.in/check.v1 v1.0.0-20180628173108-788fd7840127/go.mod h1:Co6ibVJAznAaIkqp8huTwlJQCZ016jof/cbN4VW5Yz0=
gopkg.in/natefinch/lumberjack.v2 v2.0.0 h1:1Lc07Kr7qY4U2YPouBjpCLxpiyxIVoxqXgkXLknAOE8=
gopkg.in/yaml.v3 v3.0.0-20200313102051-9f266ea9e77c/go.mod h1:K4uyk7z7BCEPqu6E+C64Yfv1cQ7kz7rIZviUmN+EgEM=
gopkg.in/yaml.v3 v3.0.1 h1:fxVm/GzAzEWqLHuvctI91KS9hhNmmWOoWu0XTYJS7CA=
